
Microsoft Visual Studio Solution File, Format Version 12.00
# Visual Studio Version 17
VisualStudioVersion = 17.8.34330.188
MinimumVisualStudioVersion = 10.0.40219.1
Project("{FAE04EC0-301F-11D3-BF4B-00C04F79EFBC}") = "ConsoleApp1", "ConsoleApp1\ConsoleApp1.csproj", "{F319A4E8-2A63-4806-93B1-AFB59FF2CAF6}"
EndProject
Global
	GlobalSection(SolutionConfigurationPlatforms) = preSolution
		Debug|Any CPU = Debug|Any CPU
		Release|Any CPU = Release|Any CPU
	EndGlobalSection
	GlobalSection(ProjectConfigurationPlatforms) = postSolution
		{F319A4E8-2A63-4806-93B1-AFB59FF2CAF6}.Debug|Any CPU.ActiveCfg = Debug|Any CPU
		{F319A4E8-2A63-4806-93B1-AFB59FF2CAF6}.Debug|Any CPU.Build.0 = Debug|Any CPU
		{F319A4E8-2A63-4806-93B1-AFB59FF2CAF6}.Release|Any CPU.ActiveCfg = Release|Any CPU
		{F319A4E8-2A63-4806-93B1-AFB59FF2CAF6}.Release|Any CPU.Build.0 = Release|Any CPU
	EndGlobalSection
	GlobalSection(SolutionProperties) = preSolution
		HideSolutionNode = FALSE
	EndGlobalSection
	GlobalSection(ExtensibilityGlobals) = postSolution
		SolutionGuid = {EDFE5695-F98F-44E1-9A54-42668AF30E6B}
	EndGlobalSection
EndGlobal
